
Microsoft Visual Studio Solution File, Format Version 12.00
# Visual Studio 14
VisualStudioVersion = 14.0.25420.1
MinimumVisualStudioVersion = 10.0.40219.1
Project("{00D1A9C2-B5F0-4AF3-8072-F6C62B433612}") = "DW_Staging", "DW_Staging\DW_Staging.sqlproj", "{5B634A48-3F40-4AEE-8AAE-A54E02360A1E}"
EndProject
Project("{00D1A9C2-B5F0-4AF3-8072-F6C62B433612}") = "DW_PSA", "DW_PSA\DW_PSA.sqlproj", "{F76DB98C-A405-4501-8DDB-8DBA77D004EE}"
EndProject
Project("{00D1A9C2-B5F0-4AF3-8072-F6C62B433612}") = "DW", "DW\DW.sqlproj", "{BB9D3118-FE24-4638-A65F-FCD544A6EC80}"
EndProject
Project("{00D1A9C2-B5F0-4AF3-8072-F6C62B433612}") = "DW_Staging_Common", "DW_Staging_Common\DW_Staging_Common.sqlproj", "{72D7D2EC-98B3-4883-8DD9-E88156119B4C}"
EndProject
Project("{00D1A9C2-B5F0-4AF3-8072-F6C62B433612}") = "DW_MetaData", "DW_MetaData\DW_MetaData.sqlproj", "{848F80BC-FF74-434D-AD59-9EE0A87F3D33}"
EndProject
Project("{2150E333-8FDC-42A3-9474-1A3956D46DE8}") = "Staging", "Staging", "{0EDBE1A9-54AE-4AA3-A019-05395B11F9DD}"
EndProject
Project("{159641D6-6404-4A2A-AE62-294DE0FE8301}") = "Staging_SSIS", "Staging_SSIS\Staging_SSIS.dtproj", "{6C74A2BA-4BF7-4394-A379-499069A85149}"
EndProject
Project("{159641D6-6404-4A2A-AE62-294DE0FE8301}") = "PSA_SSIS", "PSA_SSIS\PSA_SSIS.dtproj", "{6B6B315A-87CB-44DB-AC7C-229ADC559956}"
EndProject
Project("{159641D6-6404-4A2A-AE62-294DE0FE8301}") = "DW_SSIS", "DW_SSIS\DW_SSIS.dtproj", "{82CC05E3-DCD6-4909-93DE-3C34108A1763}"
EndProject
Global
	GlobalSection(SolutionConfigurationPlatforms) = preSolution
		Debug|Any CPU = Debug|Any CPU
		Development|Any CPU = Development|Any CPU
		Release|Any CPU = Release|Any CPU
	EndGlobalSection
	GlobalSection(ProjectConfigurationPlatforms) = postSolution
		{5B634A48-3F40-4AEE-8AAE-A54E02360A1E}.Debug|Any CPU.ActiveCfg = Debug|Any CPU
		{5B634A48-3F40-4AEE-8AAE-A54E02360A1E}.Debug|Any CPU.Build.0 = Debug|Any CPU
		{5B634A48-3F40-4AEE-8AAE-A54E02360A1E}.Debug|Any CPU.Deploy.0 = Debug|Any CPU
		{5B634A48-3F40-4AEE-8AAE-A54E02360A1E}.Development|Any CPU.ActiveCfg = Debug|Any CPU
		{5B634A48-3F40-4AEE-8AAE-A54E02360A1E}.Development|Any CPU.Build.0 = Debug|Any CPU
		{5B634A48-3F40-4AEE-8AAE-A54E02360A1E}.Development|Any CPU.Deploy.0 = Debug|Any CPU
		{5B634A48-3F40-4AEE-8AAE-A54E02360A1E}.Release|Any CPU.ActiveCfg = Release|Any CPU
		{5B634A48-3F40-4AEE-8AAE-A54E02360A1E}.Release|Any CPU.Build.0 = Release|Any CPU
		{5B634A48-3F40-4AEE-8AAE-A54E02360A1E}.Release|Any CPU.Deploy.0 = Release|Any CPU
		{F76DB98C-A405-4501-8DDB-8DBA77D004EE}.Debug|Any CPU.ActiveCfg = Debug|Any CPU
		{F76DB98C-A405-4501-8DDB-8DBA77D004EE}.Debug|Any CPU.Build.0 = Debug|Any CPU
		{F76DB98C-A405-4501-8DDB-8DBA77D004EE}.Debug|Any CPU.Deploy.0 = Debug|Any CPU
		{F76DB98C-A405-4501-8DDB-8DBA77D004EE}.Development|Any CPU.ActiveCfg = Debug|Any CPU
		{F76DB98C-A405-4501-8DDB-8DBA77D004EE}.Development|Any CPU.Build.0 = Debug|Any CPU
		{F76DB98C-A405-4501-8DDB-8DBA77D004EE}.Development|Any CPU.Deploy.0 = Debug|Any CPU
		{F76DB98C-A405-4501-8DDB-8DBA77D004EE}.Release|Any CPU.ActiveCfg = Release|Any CPU
		{F76DB98C-A405-4501-8DDB-8DBA77D004EE}.Release|Any CPU.Build.0 = Release|Any CPU
		{F76DB98C-A405-4501-8DDB-8DBA77D004EE}.Release|Any CPU.Deploy.0 = Release|Any CPU
		{BB9D3118-FE24-4638-A65F-FCD544A6EC80}.Debug|Any CPU.ActiveCfg = Debug|Any CPU
		{BB9D3118-FE24-4638-A65F-FCD544A6EC80}.Debug|Any CPU.Build.0 = Debug|Any CPU
		{BB9D3118-FE24-4638-A65F-FCD544A6EC80}.Debug|Any CPU.Deploy.0 = Debug|Any CPU
		{BB9D3118-FE24-4638-A65F-FCD544A6EC80}.Development|Any CPU.ActiveCfg = Debug|Any CPU
		{BB9D3118-FE24-4638-A65F-FCD544A6EC80}.Development|Any CPU.Build.0 = Debug|Any CPU
		{BB9D3118-FE24-4638-A65F-FCD544A6EC80}.Development|Any CPU.Deploy.0 = Debug|Any CPU
		{BB9D3118-FE24-4638-A65F-FCD544A6EC80}.Release|Any CPU.ActiveCfg = Release|Any CPU
		{BB9D3118-FE24-4638-A65F-FCD544A6EC80}.Release|Any CPU.Build.0 = Release|Any CPU
		{BB9D3118-FE24-4638-A65F-FCD544A6EC80}.Release|Any CPU.Deploy.0 = Release|Any CPU
		{72D7D2EC-98B3-4883-8DD9-E88156119B4C}.Debug|Any CPU.ActiveCfg = Debug|Any CPU
		{72D7D2EC-98B3-4883-8DD9-E88156119B4C}.Debug|Any CPU.Build.0 = Debug|Any CPU
		{72D7D2EC-98B3-4883-8DD9-E88156119B4C}.Debug|Any CPU.Deploy.0 = Debug|Any CPU
		{72D7D2EC-98B3-4883-8DD9-E88156119B4C}.Development|Any CPU.ActiveCfg = Debug|Any CPU
		{72D7D2EC-98B3-4883-8DD9-E88156119B4C}.Development|Any CPU.Build.0 = Debug|Any CPU
		{72D7D2EC-98B3-4883-8DD9-E88156119B4C}.Development|Any CPU.Deploy.0 = Debug|Any CPU
		{72D7D2EC-98B3-4883-8DD9-E88156119B4C}.Release|Any CPU.ActiveCfg = Release|Any CPU
		{72D7D2EC-98B3-4883-8DD9-E88156119B4C}.Release|Any CPU.Build.0 = Release|Any CPU
		{72D7D2EC-98B3-4883-8DD9-E88156119B4C}.Release|Any CPU.Deploy.0 = Release|Any CPU
		{848F80BC-FF74-434D-AD59-9EE0A87F3D33}.Debug|Any CPU.ActiveCfg = Debug|Any CPU
		{848F80BC-FF74-434D-AD59-9EE0A87F3D33}.Debug|Any CPU.Build.0 = Debug|Any CPU
		{848F80BC-FF74-434D-AD59-9EE0A87F3D33}.Debug|Any CPU.Deploy.0 = Debug|Any CPU
		{848F80BC-FF74-434D-AD59-9EE0A87F3D33}.Development|Any CPU.ActiveCfg = Debug|Any CPU
		{848F80BC-FF74-434D-AD59-9EE0A87F3D33}.Development|Any CPU.Build.0 = Debug|Any CPU
		{848F80BC-FF74-434D-AD59-9EE0A87F3D33}.Development|Any CPU.Deploy.0 = Debug|Any CPU
		{848F80BC-FF74-434D-AD59-9EE0A87F3D33}.Release|Any CPU.ActiveCfg = Release|Any CPU
		{848F80BC-FF74-434D-AD59-9EE0A87F3D33}.Release|Any CPU.Build.0 = Release|Any CPU
		{848F80BC-FF74-434D-AD59-9EE0A87F3D33}.Release|Any CPU.Deploy.0 = Release|Any CPU
		{6C74A2BA-4BF7-4394-A379-499069A85149}.Debug|Any CPU.ActiveCfg = Development
		{6C74A2BA-4BF7-4394-A379-499069A85149}.Debug|Any CPU.Build.0 = Development
		{6C74A2BA-4BF7-4394-A379-499069A85149}.Development|Any CPU.ActiveCfg = Development
		{6C74A2BA-4BF7-4394-A379-499069A85149}.Development|Any CPU.Build.0 = Development
		{6C74A2BA-4BF7-4394-A379-499069A85149}.Release|Any CPU.ActiveCfg = Development
		{6C74A2BA-4BF7-4394-A379-499069A85149}.Release|Any CPU.Build.0 = Development
		{6B6B315A-87CB-44DB-AC7C-229ADC559956}.Debug|Any CPU.ActiveCfg = Development
		{6B6B315A-87CB-44DB-AC7C-229ADC559956}.Debug|Any CPU.Build.0 = Development
		{6B6B315A-87CB-44DB-AC7C-229ADC559956}.Development|Any CPU.ActiveCfg = Development
		{6B6B315A-87CB-44DB-AC7C-229ADC559956}.Development|Any CPU.Build.0 = Development
		{6B6B315A-87CB-44DB-AC7C-229ADC559956}.Release|Any CPU.ActiveCfg = Development
		{6B6B315A-87CB-44DB-AC7C-229ADC559956}.Release|Any CPU.Build.0 = Development
		{82CC05E3-DCD6-4909-93DE-3C34108A1763}.Debug|Any CPU.ActiveCfg = Development
		{82CC05E3-DCD6-4909-93DE-3C34108A1763}.Debug|Any CPU.Build.0 = Development
		{82CC05E3-DCD6-4909-93DE-3C34108A1763}.Development|Any CPU.ActiveCfg = Development
		{82CC05E3-DCD6-4909-93DE-3C34108A1763}.Development|Any CPU.Build.0 = Development
		{82CC05E3-DCD6-4909-93DE-3C34108A1763}.Release|Any CPU.ActiveCfg = Development
		{82CC05E3-DCD6-4909-93DE-3C34108A1763}.Release|Any CPU.Build.0 = Development
	EndGlobalSection
	GlobalSection(SolutionProperties) = preSolution
		HideSolutionNode = FALSE
	EndGlobalSection
	GlobalSection(NestedProjects) = preSolution
		{5B634A48-3F40-4AEE-8AAE-A54E02360A1E} = {0EDBE1A9-54AE-4AA3-A019-05395B11F9DD}
		{F76DB98C-A405-4501-8DDB-8DBA77D004EE} = {0EDBE1A9-54AE-4AA3-A019-05395B11F9DD}
		{72D7D2EC-98B3-4883-8DD9-E88156119B4C} = {0EDBE1A9-54AE-4AA3-A019-05395B11F9DD}
		{6C74A2BA-4BF7-4394-A379-499069A85149} = {0EDBE1A9-54AE-4AA3-A019-05395B11F9DD}
		{6B6B315A-87CB-44DB-AC7C-229ADC559956} = {0EDBE1A9-54AE-4AA3-A019-05395B11F9DD}
	EndGlobalSection
EndGlobal
